Microsoft Visual Studio Solution File, Format Version 12.00
# Visual Studio Version 17
VisualStudioVersion = 17.5.2.0
MinimumVisualStudioVersion = 10.0.40219.1
Project("{FAE04EC0-301F-11D3-BF4B-00C04F79EFBC}") = "PokemonPractical", "PokemonPractical\PokemonPractical.csproj", "{7AF716AB-66FC-5F6E-8E0A-3709E44B476F}"
EndProject
Global
	GlobalSection(SolutionConfigurationPlatforms) = preSolution
		Debug|Any CPU = Debug|Any CPU
		Release|Any CPU = Release|Any CPU
	EndGlobalSection
	GlobalSection(ProjectConfigurationPlatforms) = postSolution
		{7AF716AB-66FC-5F6E-8E0A-3709E44B476F}.Debug|Any CPU.ActiveCfg = Debug|Any CPU
		{7AF716AB-66FC-5F6E-8E0A-3709E44B476F}.Debug|Any CPU.Build.0 = Debug|Any CPU
		{7AF716AB-66FC-5F6E-8E0A-3709E44B476F}.Release|Any CPU.ActiveCfg = Release|Any CPU
		{7AF716AB-66FC-5F6E-8E0A-3709E44B476F}.Release|Any CPU.Build.0 = Release|Any CPU
	EndGlobalSection
	GlobalSection(SolutionProperties) = preSolution
		HideSolutionNode = FALSE
	EndGlobalSection
	GlobalSection(ExtensibilityGlobals) = postSolution
		SolutionGuid = {7CD9FE6A-6214-4992-975C-682EF6393090}
	EndGlobalSection
EndGlobal
